
Microsoft Visual Studio Solution File, Format Version 12.00
# Visual Studio Version 17
VisualStudioVersion = 17.0.31903.59
MinimumVisualStudioVersion = 10.0.40219.1
Project("{2150E333-8FDC-42A3-9474-1A3956D46DE8}") = "src", "src", "{827E0CD3-B72D-47B6-A68D-7590B98EB39B}"
EndProject
Project("{FAE04EC0-301F-11D3-BF4B-00C04F79EFBC}") = "DddHexagonal.Api", "src\DddHexagonal.Api\DddHexagonal.Api.csproj", "{EFA40AE1-DD23-4CFF-A448-AAC65BEC4F8E}"
EndProject
Project("{FAE04EC0-301F-11D3-BF4B-00C04F79EFBC}") = "DddHexagonal.Application", "src\DddHexagonal.Application\DddHexagonal.Application.csproj", "{7C26BF24-C1A2-47B6-8CEB-40D0FB3C7598}"
EndProject
Project("{FAE04EC0-301F-11D3-BF4B-00C04F79EFBC}") = "DddHexagonal.Domain", "src\DddHexagonal.Domain\DddHexagonal.Domain.csproj", "{1C893095-C98A-47C6-8197-7DEDB9F65928}"
EndProject
Project("{FAE04EC0-301F-11D3-BF4B-00C04F79EFBC}") = "DddHexagonal.Infrastructure", "src\DddHexagonal.Infrastructure\DddHexagonal.Infrastructure.csproj", "{31984460-6D55-4D1B-ADF6-88B45CB1C4FC}"
EndProject
Project("{FAE04EC0-301F-11D3-BF4B-00C04F79EFBC}") = "DddHexagonal.Api.Tests", "tests\DddHexagonal.Api.Tests\DddHexagonal.Api.Tests.csproj", "{0088551D-1743-49A7-9A95-91891E0666BA}"
EndProject
Project("{FAE04EC0-301F-11D3-BF4B-00C04F79EFBC}") = "DddHexagonal.Application.Tests", "tests\DddHexagonal.Application.Tests\DddHexagonal.Application.Tests.csproj", "{42821365-4C81-4746-9130-02A13602C3C2}"
EndProject
Project("{FAE04EC0-301F-11D3-BF4B-00C04F79EFBC}") = "DddHexagonal.Architecture.Tests", "tests\DddHexagonal.Architecture.Tests\DddHexagonal.Architecture.Tests.csproj", "{510276DC-56C8-4F96-AC88-4B7C55FDB490}"
EndProject
Project("{FAE04EC0-301F-11D3-BF4B-00C04F79EFBC}") = "DddHexagonal.Domain.Tests", "tests\DddHexagonal.Domain.Tests\DddHexagonal.Domain.Tests.csproj", "{5F0E4217-83C4-44EA-9F93-6A85EF5FBDE9}"
EndProject
Project("{FAE04EC0-301F-11D3-BF4B-00C04F79EFBC}") = "DddHexagonal.Infrastructure.Tests", "tests\DddHexagonal.Infrastructure.Tests\DddHexagonal.Infrastructure.Tests.csproj", "{B91373A9-AF31-423B-B686-04FA5BF3DE40}"
EndProject
Global
	GlobalSection(SolutionConfigurationPlatforms) = preSolution
		Debug|Any CPU = Debug|Any CPU
		Debug|x64 = Debug|x64
		Debug|x86 = Debug|x86
		Release|Any CPU = Release|Any CPU
		Release|x64 = Release|x64
		Release|x86 = Release|x86
	EndGlobalSection
	GlobalSection(ProjectConfigurationPlatforms) = postSolution
		{EFA40AE1-DD23-4CFF-A448-AAC65BEC4F8E}.Debug|Any CPU.ActiveCfg = Debug|Any CPU
		{EFA40AE1-DD23-4CFF-A448-AAC65BEC4F8E}.Debug|Any CPU.Build.0 = Debug|Any CPU
		{EFA40AE1-DD23-4CFF-A448-AAC65BEC4F8E}.Debug|x64.ActiveCfg = Debug|Any CPU
		{EFA40AE1-DD23-4CFF-A448-AAC65BEC4F8E}.Debug|x64.Build.0 = Debug|Any CPU
		{EFA40AE1-DD23-4CFF-A448-AAC65BEC4F8E}.Debug|x86.ActiveCfg = Debug|Any CPU
		{EFA40AE1-DD23-4CFF-A448-AAC65BEC4F8E}.Debug|x86.Build.0 = Debug|Any CPU
		{EFA40AE1-DD23-4CFF-A448-AAC65BEC4F8E}.Release|Any CPU.ActiveCfg = Release|Any CPU
		{EFA40AE1-DD23-4CFF-A448-AAC65BEC4F8E}.Release|Any CPU.Build.0 = Release|Any CPU
		{EFA40AE1-DD23-4CFF-A448-AAC65BEC4F8E}.Release|x64.ActiveCfg = Release|Any CPU
		{EFA40AE1-DD23-4CFF-A448-AAC65BEC4F8E}.Release|x64.Build.0 = Release|Any CPU
		{EFA40AE1-DD23-4CFF-A448-AAC65BEC4F8E}.Release|x86.ActiveCfg = Release|Any CPU
		{EFA40AE1-DD23-4CFF-A448-AAC65BEC4F8E}.Release|x86.Build.0 = Release|Any CPU
		{7C26BF24-C1A2-47B6-8CEB-40D0FB3C7598}.Debug|Any CPU.ActiveCfg = Debug|Any CPU
		{7C26BF24-C1A2-47B6-8CEB-40D0FB3C7598}.Debug|Any CPU.Build.0 = Debug|Any CPU
		{7C26BF24-C1A2-47B6-8CEB-40D0FB3C7598}.Debug|x64.ActiveCfg = Debug|Any CPU
		{7C26BF24-C1A2-47B6-8CEB-40D0FB3C7598}.Debug|x64.Build.0 = Debug|Any CPU
		{7C26BF24-C1A2-47B6-8CEB-40D0FB3C7598}.Debug|x86.ActiveCfg = Debug|Any CPU
		{7C26BF24-C1A2-47B6-8CEB-40D0FB3C7598}.Debug|x86.Build.0 = Debug|Any CPU
		{7C26BF24-C1A2-47B6-8CEB-40D0FB3C7598}.Release|Any CPU.ActiveCfg = Release|Any CPU
		{7C26BF24-C1A2-47B6-8CEB-40D0FB3C7598}.Release|Any CPU.Build.0 = Release|Any CPU
		{7C26BF24-C1A2-47B6-8CEB-40D0FB3C7598}.Release|x64.ActiveCfg = Release|Any CPU
		{7C26BF24-C1A2-47B6-8CEB-40D0FB3C7598}.Release|x64.Build.0 = Release|Any CPU
		{7C26BF24-C1A2-47B6-8CEB-40D0FB3C7598}.Release|x86.ActiveCfg = Release|Any CPU
		{7C26BF24-C1A2-47B6-8CEB-40D0FB3C7598}.Release|x86.Build.0 = Release|Any CPU
		{1C893095-C98A-47C6-8197-7DEDB9F65928}.Debug|Any CPU.ActiveCfg = Debug|Any CPU
		{1C893095-C98A-47C6-8197-7DEDB9F65928}.Debug|Any CPU.Build.0 = Debug|Any CPU
		{1C893095-C98A-47C6-8197-7DEDB9F65928}.Debug|x64.ActiveCfg = Debug|Any CPU
		{1C893095-C98A-47C6-8197-7DEDB9F65928}.Debug|x64.Build.0 = Debug|Any CPU
		{1C893095-C98A-47C6-8197-7DEDB9F65928}.Debug|x86.ActiveCfg = Debug|Any CPU
		{1C893095-C98A-47C6-8197-7DEDB9F65928}.Debug|x86.Build.0 = Debug|Any CPU
		{1C893095-C98A-47C6-8197-7DEDB9F65928}.Release|Any CPU.ActiveCfg = Release|Any CPU
		{1C893095-C98A-47C6-8197-7DEDB9F65928}.Release|Any CPU.Build.0 = Release|Any CPU
		{1C893095-C98A-47C6-8197-7DEDB9F65928}.Release|x64.ActiveCfg = Release|Any CPU
		{1C893095-C98A-47C6-8197-7DEDB9F65928}.Release|x64.Build.0 = Release|Any CPU
		{1C893095-C98A-47C6-8197-7DEDB9F65928}.Release|x86.ActiveCfg = Release|Any CPU
		{1C893095-C98A-47C6-8197-7DEDB9F65928}.Release|x86.Build.0 = Release|Any CPU
		{31984460-6D55-4D1B-ADF6-88B45CB1C4FC}.Debug|Any CPU.ActiveCfg = Debug|Any CPU
		{31984460-6D55-4D1B-ADF6-88B45CB1C4FC}.Debug|Any CPU.Build.0 = Debug|Any CPU
		{31984460-6D55-4D1B-ADF6-88B45CB1C4FC}.Debug|x64.ActiveCfg = Debug|Any CPU
		{31984460-6D55-4D1B-ADF6-88B45CB1C4FC}.Debug|x64.Build.0 = Debug|Any CPU
		{31984460-6D55-4D1B-ADF6-88B45CB1C4FC}.Debug|x86.ActiveCfg = Debug|Any CPU
		{31984460-6D55-4D1B-ADF6-88B45CB1C4FC}.Debug|x86.Build.0 = Debug|Any CPU
		{31984460-6D55-4D1B-ADF6-88B45CB1C4FC}.Release|Any CPU.ActiveCfg = Release|Any CPU
		{31984460-6D55-4D1B-ADF6-88B45CB1C4FC}.Release|Any CPU.Build.0 = Release|Any CPU
		{31984460-6D55-4D1B-ADF6-88B45CB1C4FC}.Release|x64.ActiveCfg = Release|Any CPU
		{31984460-6D55-4D1B-ADF6-88B45CB1C4FC}.Release|x64.Build.0 = Release|Any CPU
		{31984460-6D55-4D1B-ADF6-88B45CB1C4FC}.Release|x86.ActiveCfg = Release|Any CPU
		{31984460-6D55-4D1B-ADF6-88B45CB1C4FC}.Release|x86.Build.0 = Release|Any CPU
		{0088551D-1743-49A7-9A95-91891E0666BA}.Debug|Any CPU.ActiveCfg = Debug|Any CPU
		{0088551D-1743-49A7-9A95-91891E0666BA}.Debug|Any CPU.Build.0 = Debug|Any CPU
		{0088551D-1743-49A7-9A95-91891E0666BA}.Debug|x64.ActiveCfg = Debug|Any CPU
		{0088551D-1743-49A7-9A95-91891E0666BA}.Debug|x64.Build.0 = Debug|Any CPU
		{0088551D-1743-49A7-9A95-91891E0666BA}.Debug|x86.ActiveCfg = Debug|Any CPU
		{0088551D-1743-49A7-9A95-91891E0666BA}.Debug|x86.Build.0 = Debug|Any CPU
		{0088551D-1743-49A7-9A95-91891E0666BA}.Release|Any CPU.ActiveCfg = Release|Any CPU
		{0088551D-1743-49A7-9A95-91891E0666BA}.Release|Any CPU.Build.0 = Release|Any CPU
		{0088551D-1743-49A7-9A95-91891E0666BA}.Release|x64.ActiveCfg = Release|Any CPU
		{0088551D-1743-49A7-9A95-91891E0666BA}.Release|x64.Build.0 = Release|Any CPU
		{0088551D-1743-49A7-9A95-91891E0666BA}.Release|x86.ActiveCfg = Release|Any CPU
		{0088551D-1743-49A7-9A95-91891E0666BA}.Release|x86.Build.0 = Release|Any CPU
		{42821365-4C81-4746-9130-02A13602C3C2}.Debug|Any CPU.ActiveCfg = Debug|Any CPU
		{42821365-4C81-4746-9130-02A13602C3C2}.Debug|Any CPU.Build.0 = Debug|Any CPU
		{42821365-4C81-4746-9130-02A13602C3C2}.Debug|x64.ActiveCfg = Debug|Any CPU
		{42821365-4C81-4746-9130-02A13602C3C2}.Debug|x64.Build.0 = Debug|Any CPU
		{42821365-4C81-4746-9130-02A13602C3C2}.Debug|x86.ActiveCfg = Debug|Any CPU
		{42821365-4C81-4746-9130-02A13602C3C2}.Debug|x86.Build.0 = Debug|Any CPU
		{42821365-4C81-4746-9130-02A13602C3C2}.Release|Any CPU.ActiveCfg = Release|Any CPU
		{42821365-4C81-4746-9130-02A13602C3C2}.Release|Any CPU.Build.0 = Release|Any CPU
		{42821365-4C81-4746-9130-02A13602C3C2}.Release|x64.ActiveCfg = Release|Any CPU
		{42821365-4C81-4746-9130-02A13602C3C2}.Release|x64.Build.0 = Release|Any CPU
		{42821365-4C81-4746-9130-02A13602C3C2}.Release|x86.ActiveCfg = Release|Any CPU
		{42821365-4C81-4746-9130-02A13602C3C2}.Release|x86.Build.0 = Release|Any CPU
		{510276DC-56C8-4F96-AC88-4B7C55FDB490}.Debug|Any CPU.ActiveCfg = Debug|Any CPU
		{510276DC-56C8-4F96-AC88-4B7C55FDB490}.Debug|Any CPU.Build.0 = Debug|Any CPU
		{510276DC-56C8-4F96-AC88-4B7C55FDB490}.Debug|x64.ActiveCfg = Debug|Any CPU
		{510276DC-56C8-4F96-AC88-4B7C55FDB490}.Debug|x64.Build.0 = Debug|Any CPU
		{510276DC-56C8-4F96-AC88-4B7C55FDB490}.Debug|x86.ActiveCfg = Debug|Any CPU
		{510276DC-56C8-4F96-AC88-4B7C55FDB490}.Debug|x86.Build.0 = Debug|Any CPU
		{510276DC-56C8-4F96-AC88-4B7C55FDB490}.Release|Any CPU.ActiveCfg = Release|Any CPU
		{510276DC-56C8-4F96-AC88-4B7C55FDB490}.Release|Any CPU.Build.0 = Release|Any CPU
		{510276DC-56C8-4F96-AC88-4B7C55FDB490}.Release|x64.ActiveCfg = Release|Any CPU
		{510276DC-56C8-4F96-AC88-4B7C55FDB490}.Release|x64.Build.0 = Release|Any CPU
		{510276DC-56C8-4F96-AC88-4B7C55FDB490}.Release|x86.ActiveCfg = Release|Any CPU
		{510276DC-56C8-4F96-AC88-4B7C55FDB490}.Release|x86.Build.0 = Release|Any CPU
		{5F0E4217-83C4-44EA-9F93-6A85EF5FBDE9}.Debug|Any CPU.ActiveCfg = Debug|Any CPU
		{5F0E4217-83C4-44EA-9F93-6A85EF5FBDE9}.Debug|Any CPU.Build.0 = Debug|Any CPU
		{5F0E4217-83C4-44EA-9F93-6A85EF5FBDE9}.Debug|x64.ActiveCfg = Debug|Any CPU
		{5F0E4217-83C4-44EA-9F93-6A85EF5FBDE9}.Debug|x64.Build.0 = Debug|Any CPU
		{5F0E4217-83C4-44EA-9F93-6A85EF5FBDE9}.Debug|x86.ActiveCfg = Debug|Any CPU
		{5F0E4217-83C4-44EA-9F93-6A85EF5FBDE9}.Debug|x86.Build.0 = Debug|Any CPU
		{5F0E4217-83C4-44EA-9F93-6A85EF5FBDE9}.Release|Any CPU.ActiveCfg = Release|Any CPU
		{5F0E4217-83C4-44EA-9F93-6A85EF5FBDE9}.Release|Any CPU.Build.0 = Release|Any CPU
		{5F0E4217-83C4-44EA-9F93-6A85EF5FBDE9}.Release|x64.ActiveCfg = Release|Any CPU
		{5F0E4217-83C4-44EA-9F93-6A85EF5FBDE9}.Release|x64.Build.0 = Release|Any CPU
		{5F0E4217-83C4-44EA-9F93-6A85EF5FBDE9}.Release|x86.ActiveCfg = Release|Any CPU
		{5F0E4217-83C4-44EA-9F93-6A85EF5FBDE9}.Release|x86.Build.0 = Release|Any CPU
		{B91373A9-AF31-423B-B686-04FA5BF3DE40}.Debug|Any CPU.ActiveCfg = Debug|Any CPU
		{B91373A9-AF31-423B-B686-04FA5BF3DE40}.Debug|Any CPU.Build.0 = Debug|Any CPU
		{B91373A9-AF31-423B-B686-04FA5BF3DE40}.Debug|x64.ActiveCfg = Debug|Any CPU
		{B91373A9-AF31-423B-B686-04FA5BF3DE40}.Debug|x64.Build.0 = Debug|Any CPU
		{B91373A9-AF31-423B-B686-04FA5BF3DE40}.Debug|x86.ActiveCfg = Debug|Any CPU
		{B91373A9-AF31-423B-B686-04FA5BF3DE40}.Debug|x86.Build.0 = Debug|Any CPU
		{B91373A9-AF31-423B-B686-04FA5BF3DE40}.Release|Any CPU.ActiveCfg = Release|Any CPU
		{B91373A9-AF31-423B-B686-04FA5BF3DE40}.Release|Any CPU.Build.0 = Release|Any CPU
		{B91373A9-AF31-423B-B686-04FA5BF3DE40}.Release|x64.ActiveCfg = Release|Any CPU
		{B91373A9-AF31-423B-B686-04FA5BF3DE40}.Release|x64.Build.0 = Release|Any CPU
		{B91373A9-AF31-423B-B686-04FA5BF3DE40}.Release|x86.ActiveCfg = Release|Any CPU
		{B91373A9-AF31-423B-B686-04FA5BF3DE40}.Release|x86.Build.0 = Release|Any CPU
	EndGlobalSection
	GlobalSection(SolutionProperties) = preSolution
		HideSolutionNode = FALSE
	EndGlobalSection
	GlobalSection(NestedProjects) = preSolution
		{EFA40AE1-DD23-4CFF-A448-AAC65BEC4F8E} = {827E0CD3-B72D-47B6-A68D-7590B98EB39B}
		{7C26BF24-C1A2-47B6-8CEB-40D0FB3C7598} = {827E0CD3-B72D-47B6-A68D-7590B98EB39B}
		{1C893095-C98A-47C6-8197-7DEDB9F65928} = {827E0CD3-B72D-47B6-A68D-7590B98EB39B}
		{31984460-6D55-4D1B-ADF6-88B45CB1C4FC} = {827E0CD3-B72D-47B6-A68D-7590B98EB39B}
		{0088551D-1743-49A7-9A95-91891E0666BA} = {827E0CD3-B72D-47B6-A68D-7590B98EB39B}
		{42821365-4C81-4746-9130-02A13602C3C2} = {827E0CD3-B72D-47B6-A68D-7590B98EB39B}
		{510276DC-56C8-4F96-AC88-4B7C55FDB490} = {827E0CD3-B72D-47B6-A68D-7590B98EB39B}
		{5F0E4217-83C4-44EA-9F93-6A85EF5FBDE9} = {827E0CD3-B72D-47B6-A68D-7590B98EB39B}
		{B91373A9-AF31-423B-B686-04FA5BF3DE40} = {827E0CD3-B72D-47B6-A68D-7590B98EB39B}
	EndGlobalSection
EndGlobal
